// !$*UTF8*$!
{
	archiveVersion = 1;
	classes = {
	};
	objectVersion = 56;
	objects = {

/* Begin PBXBuildFile section */
		F1348DF129D9A6BF00220A13 /* RPSManager.swift in Sources */ = {isa = PBXBuildFile; fileRef = F1348DF029D9A6BF00220A13 /* RPSManager.swift */; };
		F196A6F629C999FD00348308 /* AppDelegate.swift in Sources */ = {isa = PBXBuildFile; fileRef = F196A6F529C999FD00348308 /* AppDelegate.swift */; };
		F196A6F829C999FD00348308 /* SceneDelegate.swift in Sources */ = {isa = PBXBuildFile; fileRef = F196A6F729C999FD00348308 /* SceneDelegate.swift */; };
		F196A6FA29C999FD00348308 /* ViewController.swift in Sources */ = {isa = PBXBuildFile; fileRef = F196A6F929C999FD00348308 /* ViewController.swift */; };
		F196A6FD29C999FD00348308 /* Main.storyboard in Resources */ = {isa = PBXBuildFile; fileRef = F196A6FB29C999FD00348308 /* Main.storyboard */; };
		F196A6FF29C999FE00348308 /* Assets.xcassets in Resources */ = {isa = PBXBuildFile; fileRef = F196A6FE29C999FE00348308 /* Assets.xcassets */; };
		F196A70229C999FE00348308 /* LaunchScreen.storyboard in Resources */ = {isa = PBXBuildFile; fileRef = F196A70029C999FE00348308 /* LaunchScreen.storyboard */; };
		F196A70A29C9A7AA00348308 /* Rps.swift in Sources */ = {isa = PBXBuildFile; fileRef = F196A70929C9A7AA00348308 /* Rps.swift */; };
/* End PBXBuildFile section */

/* Begin PBXFileReference section */
		F1348DF029D9A6BF00220A13 /* RPSManager.swift */ = {isa = PBXFileReference; lastKnownFileType = sourcecode.swift; path = RPSManager.swift; sourceTree = "<group>"; };
		F196A6F229C999FD00348308 /* RPSGame.app */ = {isa = PBXFileReference; explicitFileType = wrapper.application; includeInIndex = 0; path = RPSGame.app; sourceTree = BUILT_PRODUCTS_DIR; };
		F196A6F529C999FD00348308 /* AppDelegate.swift */ = {isa = PBXFileReference; lastKnownFileType = sourcecode.swift; path = AppDelegate.swift; sourceTree = "<group>"; };
		F196A6F729C999FD00348308 /* SceneDelegate.swift */ = {isa = PBXFileReference; lastKnownFileType = sourcecode.swift; path = SceneDelegate.swift; sourceTree = "<group>"; };
		F196A6F929C999FD00348308 /* ViewController.swift */ = {isa = PBXFileReference; lastKnownFileType = sourcecode.swift; path = ViewController.swift; sourceTree = "<group>"; };
		F196A6FC29C999FD00348308 /* Base */ = {isa = PBXFileReference; lastKnownFileType = file.storyboard; name = Base; path = Base.lproj/Main.storyboard; sourceTree = "<group>"; };
		F196A6FE29C999FE00348308 /* Assets.xcassets */ = {isa = PBXFileReference; lastKnownFileType = folder.assetcatalog; path = Assets.xcassets; sourceTree = "<group>"; };
		F196A70129C999FE00348308 /* Base */ = {isa = PBXFileReference; lastKnownFileType = file.storyboard; name = Base; path = Base.lproj/LaunchScreen.storyboard; sourceTree = "<group>"; };
		F196A70329C999FE00348308 /* Info.plist */ = {isa = PBXFileReference; lastKnownFileType = text.plist.xml; path = Info.plist; sourceTree = "<group>"; };
		F196A70929C9A7AA00348308 /* Rps.swift */ = {isa = PBXFileReference; lastKnownFileType = sourcecode.swift; path = Rps.swift; sourceTree = "<group>"; };
/* End PBXFileReference section */

/* Begin PBXFrameworksBuildPhase section */
		F196A6EF29C999FD00348308 /* Frameworks */ = {
			isa = PBXFrameworksBuildPhase;
			buildActionMask = 2147483647;
			files = (
			);
			runOnlyForDeploymentPostprocessing = 0;
		};
/* End PBXFrameworksBuildPhase section */

/* Begin PBXGroup section */
		F1348DEB29D9A65D00220A13 /* Controllers */ = {
			isa = PBXGroup;
			children = (
				F196A6F929C999FD00348308 /* ViewController.swift */,
			);
			path = Controllers;
			sourceTree = "<group>";
		};
		F1348DEC29D9A66700220A13 /* Views */ = {
			isa = PBXGroup;
			children = (
				F196A6FB29C999FD00348308 /* Main.storyboard */,
			);
			path = Views;
			sourceTree = "<group>";
		};
		F1348DED29D9A66E00220A13 /* Models */ = {
			isa = PBXGroup;
			children = (
				F196A70929C9A7AA00348308 /* Rps.swift */,
				F1348DF029D9A6BF00220A13 /* RPSManager.swift */,
			);
			path = Models;
			sourceTree = "<group>";
		};
		F196A6E929C999FD00348308 = {
			isa = PBXGroup;
			children = (
				F196A6F429C999FD00348308 /* RPSGame */,
				F196A6F329C999FD00348308 /* Products */,
			);
			sourceTree = "<group>";
		};
		F196A6F329C999FD00348308 /* Products */ = {
			isa = PBXGroup;
			children = (
				F196A6F229C999FD00348308 /* RPSGame.app */,
			);
			name = Products;
			sourceTree = "<group>";
		};
		F196A6F429C999FD00348308 /* RPSGame */ = {
			isa = PBXGroup;
			children = (
				F196A6F529C999FD00348308 /* AppDelegate.swift */,
				F196A6F729C999FD00348308 /* SceneDelegate.swift */,
				F1348DED29D9A66E00220A13 /* Models */,
				F1348DEC29D9A66700220A13 /* Views */,
				F1348DEB29D9A65D00220A13 /* Controllers */,
				F196A6FE29C999FE00348308 /* Assets.xcassets */,
				F196A70029C999FE00348308 /* LaunchScreen.storyboard */,
				F196A70329C999FE00348308 /* Info.plist */,
			);
			path = RPSGame;
			sourceTree = "<group>";
		};
/* End PBXGroup section */

/* Begin PBXNativeTarget section */
		F196A6F129C999FD00348308 /* RPSGame */ = {
			isa = PBXNativeTarget;
			buildConfigurationList = F196A70629C999FE00348308 /* Build configuration list for PBXNativeTarget "RPSGame" */;
			buildPhases = (
				F196A6EE29C999FD00348308 /* Sources */,
				F196A6EF29C999FD00348308 /* Frameworks */,
				F196A6F029C999FD00348308 /* Resources */,
			);
			buildRules = (
			);
			dependencies = (
			);
			name = RPSGame;
			productName = RPSGame;
			productReference = F196A6F229C999FD00348308 /* RPSGame.app */;
			productType = "com.apple.product-type.application";
		};
/* End PBXNativeTarget section */

/* Begin PBXProject section */
		F196A6EA29C999FD00348308 /* Project object */ = {
			isa = PBXProject;
			attributes = {
				BuildIndependentTargetsInParallel = 1;
				LastSwiftUpdateCheck = 1420;
				LastUpgradeCheck = 1420;
				TargetAttributes = {
					F196A6F129C999FD00348308 = {
						CreatedOnToolsVersion = 14.2;
					};
				};
			};
			buildConfigurationList = F196A6ED29C999FD00348308 /* Build configuration list for PBXProject "RPSGame" */;
			compatibilityVersion = "Xcode 14.0";
			developmentRegion = en;
			hasScannedForEncodings = 0;
			knownRegions = (
				en,
				Base,
			);
			mainGroup = F196A6E929C999FD00348308;
			productRefGroup = F196A6F329C999FD00348308 /* Products */;
			projectDirPath = "";
			projectRoot = "";
			targets = (
				F196A6F129C999FD00348308 /* RPSGame */,
			);
		};
/* End PBXProject section */

/* Begin PBXResourcesBuildPhase section */
		F196A6F029C999FD00348308 /* Resources */ = {
			isa = PBXResourcesBuildPhase;
			buildActionMask = 2147483647;
			files = (
				F196A70229C999FE00348308 /* LaunchScreen.storyboard in Resources */,
				F196A6FF29C999FE00348308 /* Assets.xcassets in Resources */,
				F196A6FD29C999FD00348308 /* Main.storyboard in Resources */,
			);
			runOnlyForDeploymentPostprocessing = 0;
		};
/* End PBXResourcesBuildPhase section */

/* Begin PBXSourcesBuildPhase section */
		F196A6EE29C999FD00348308 /* Sources */ = {
			isa = PBXSourcesBuildPhase;
			buildActionMask = 2147483647;
			files = (
				F196A6FA29C999FD00348308 /* ViewController.swift in Sources */,
				F196A70A29C9A7AA00348308 /* Rps.swift in Sources */,
				F196A6F629C999FD00348308 /* AppDelegate.swift in Sources */,
				F196A6F829C999FD00348308 /* SceneDelegate.swift in Sources */,
				F1348DF129D9A6BF00220A13 /* RPSManager.swift in Sources */,
			);
			runOnlyForDeploymentPostprocessing = 0;
		};
/* End PBXSourcesBuildPhase section */

/* Begin PBXVariantGroup section */
		F196A6FB29C999FD00348308 /* Main.storyboard */ = {
			isa = PBXVariantGroup;
			children = (
				F196A6FC29C999FD00348308 /* Base */,
			);
			name = Main.storyboard;
			sourceTree = "<group>";
		};
		F196A70029C999FE00348308 /* LaunchScreen.storyboard */ = {
			isa = PBXVariantGroup;
			children = (
				F196A70129C999FE00348308 /* Base */,
			);
			name = LaunchScreen.storyboard;
			sourceTree = "<group>";
		};
/* End PBXVariantGroup section */

/* Begin XCBuildConfiguration section */
		F196A70429C999FE00348308 /* Debug */ = {
			isa = XCBuildConfiguration;
			buildSettings = {
				ALWAYS_SEARCH_USER_PATHS = NO;
				CLANG_ANALYZER_NONNULL = YES;
				CLANG_ANALYZER_NUMBER_OBJECT_CONVERSION = YES_AGGRESSIVE;
				CLANG_CXX_LANGUAGE_STANDARD = "gnu++20";
				CLANG_ENABLE_MODULES = YES;
				CLANG_ENABLE_OBJC_ARC = YES;
				CLANG_ENABLE_OBJC_WEAK = YES;
				CLANG_WARN_BLOCK_CAPTURE_AUTORELEASING = YES;
				CLANG_WARN_BOOL_CONVERSION = YES;
				CLANG_WARN_COMMA = YES;
				CLANG_WARN_CONSTANT_CONVERSION = YES;
				CLANG_WARN_DEPRECATED_OBJC_IMPLEMENTATIONS = YES;
				CLANG_WARN_DIRECT_OBJC_ISA_USAGE = YES_ERROR;
				CLANG_WARN_DOCUMENTATION_COMMENTS = YES;
				CLANG_WARN_EMPTY_BODY = YES;
				CLANG_WARN_ENUM_CONVERSION = YES;
				CLANG_WARN_INFINITE_RECURSION = YES;
				CLANG_WARN_INT_CONVERSION = YES;
				CLANG_WARN_NON_LITERAL_NULL_CONVERSION = YES;
				CLANG_WARN_OBJC_IMPLICIT_RETAIN_SELF = YES;
				CLANG_WARN_OBJC_LITERAL_CONVERSION = YES;
				CLANG_WARN_OBJC_ROOT_CLASS = YES_ERROR;
				CLANG_WARN_QUOTED_INCLUDE_IN_FRAMEWORK_HEADER = YES;
				CLANG_WARN_RANGE_LOOP_ANALYSIS = YES;
				CLANG_WARN_STRICT_PROTOTYPES = YES;
				CLANG_WARN_SUSPICIOUS_MOVE = YES;
				CLANG_WARN_UNGUARDED_AVAILABILITY = YES_AGGRESSIVE;
				CLANG_WARN_UNREACHABLE_CODE = YES;
				CLANG_WARN__DUPLICATE_METHOD_MATCH = YES;
				COPY_PHASE_STRIP = NO;
				DEBUG_INFORMATION_FORMAT = dwarf;
				ENABLE_STRICT_OBJC_MSGSEND = YES;
				ENABLE_TESTABILITY = YES;
				GCC_C_LANGUAGE_STANDARD = gnu11;
				GCC_DYNAMIC_NO_PIC = NO;
				GCC_NO_COMMON_BLOCKS = YES;
				GCC_OPTIMIZATION_LEVEL = 0;
				GCC_PREPROCESSOR_DEFINITIONS = (
					"DEBUG=1",
					"$(inherited)",
				);
				GCC_WARN_64_TO_32_BIT_CONVERSION = YES;
				GCC_WARN_ABOUT_RETURN_TYPE = YES_ERROR;
				GCC_WARN_UNDECLARED_SELECTOR = YES;
				GCC_WARN_UNINITIALIZED_AUTOS = YES_AGGRESSIVE;
				GCC_WARN_UNUSED_FUNCTION = YES;
				GCC_WARN_UNUSED_VARIABLE = YES;
				IPHONEOS_DEPLOYMENT_TARGET = 16.2;
				MTL_ENABLE_DEBUG_INFO = INCLUDE_SOURCE;
				MTL_FAST_MATH = YES;
				ONLY_ACTIVE_ARCH = YES;
				SDKROOT = iphoneos;
				SWIFT_ACTIVE_COMPILATION_CONDITIONS = DEBUG;
				SWIFT_OPTIMIZATION_LEVEL = "-Onone";
			};
			name = Debug;
		};
		F196A70529C999FE00348308 /* Release */ = {
			isa = XCBuildConfiguration;
			buildSettings = {
				ALWAYS_SEARCH_USER_PATHS = NO;
				CLANG_ANALYZER_NONNULL = YES;
				CLANG_ANALYZER_NUMBER_OBJECT_CONVERSION = YES_AGGRESSIVE;
				CLANG_CXX_LANGUAGE_STANDARD = "gnu++20";
				CLANG_ENABLE_MODULES = YES;
				CLANG_ENABLE_OBJC_ARC = YES;
				CLANG_ENABLE_OBJC_WEAK = YES;
				CLANG_WARN_BLOCK_CAPTURE_AUTORELEASING = YES;
				CLANG_WARN_BOOL_CONVERSION = YES;
				CLANG_WARN_COMMA = YES;
				CLANG_WARN_CONSTANT_CONVERSION = YES;
				CLANG_WARN_DEPRECATED_OBJC_IMPLEMENTATIONS = YES;
				CLANG_WARN_DIRECT_OBJC_ISA_USAGE = YES_ERROR;
				CLANG_WARN_DOCUMENTATION_COMMENTS = YES;
				CLANG_WARN_EMPTY_BODY = YES;
				CLANG_WARN_ENUM_CONVERSION = YES;
				CLANG_WARN_INFINITE_RECURSION = YES;
				CLANG_WARN_INT_CONVERSION = YES;
				CLANG_WARN_NON_LITERAL_NULL_CONVERSION = YES;
				CLANG_WARN_OBJC_IMPLICIT_RETAIN_SELF = YES;
				CLANG_WARN_OBJC_LITERAL_CONVERSION = YES;
				CLANG_WARN_OBJC_ROOT_CLASS = YES_ERROR;
				CLANG_WARN_QUOTED_INCLUDE_IN_FRAMEWORK_HEADER = YES;
				CLANG_WARN_RANGE_LOOP_ANALYSIS = YES;
				CLANG_WARN_STRICT_PROTOTYPES = YES;
				CLANG_WARN_SUSPICIOUS_MOVE = YES;
				CLANG_WARN_UNGUARDED_AVAILABILITY = YES_AGGRESSIVE;
				CLANG_WARN_UNREACHABLE_CODE = YES;
				CLANG_WARN__DUPLICATE_METHOD_MATCH = YES;
				COPY_PHASE_STRIP = NO;
				DEBUG_INFORMATION_FORMAT = "dwarf-with-dsym";
				ENABLE_NS_ASSERTIONS = NO;
				ENABLE_STRICT_OBJC_MSGSEND = YES;
				GCC_C_LANGUAGE_STANDARD = gnu11;
				GCC_NO_COMMON_BLOCKS = YES;
				GCC_WARN_64_TO_32_BIT_CONVERSION = YES;
				GCC_WARN_ABOUT_RETURN_TYPE = YES_ERROR;
				GCC_WARN_UNDECLARED_SELECTOR = YES;
				GCC_WARN_UNINITIALIZED_AUTOS = YES_AGGRESSIVE;
				GCC_WARN_UNUSED_FUNCTION = YES;
				GCC_WARN_UNUSED_VARIABLE = YES;
				IPHONEOS_DEPLOYMENT_TARGET = 16.2;
				MTL_ENABLE_DEBUG_INFO = NO;
				MTL_FAST_MATH = YES;
				SDKROOT = iphoneos;
				SWIFT_COMPILATION_MODE = wholemodule;
				SWIFT_OPTIMIZATION_LEVEL = "-O";
				VALIDATE_PRODUCT = YES;
			};
			name = Release;
		};
		F196A70729C999FE00348308 /* Debug */ = {
			isa = XCBuildConfiguration;
			buildSettings = {
				ASSETCATALOG_COMPILER_APPICON_NAME = AppIcon;
				ASSETCATALOG_COMPILER_GLOBAL_ACCENT_COLOR_NAME = AccentColor;
				CODE_SIGN_STYLE = Automatic;
				CURRENT_PROJECT_VERSION = 1;
				GENERATE_INFOPLIST_FILE = YES;
				INFOPLIST_FILE = RPSGame/Info.plist;
				INFOPLIST_KEY_UIApplicationSupportsIndirectInputEvents = YES;
				INFOPLIST_KEY_UILaunchStoryboardName = LaunchScreen;
				INFOPLIST_KEY_UIMainStoryboardFile = Main;
				INFOPLIST_KEY_UISupportedInterfaceOrientations = UIInterfaceOrientationPortrait;
				INFOPLIST_KEY_UISupportedInterfaceOrientations_iPad = "UIInterfaceOrientationLandscapeLeft UIInterfaceOrientationLandscapeRight UIInterfaceOrientationPortrait UIInterfaceOrientationPortraitUpsideDown";
				IPHONEOS_DEPLOYMENT_TARGET = 13.0;
				LD_RUNPATH_SEARCH_PATHS = (
					"$(inherited)",
					"@executable_path/Frameworks",
				);
				MARKETING_VERSION = 1.0;
				PRODUCT_BUNDLE_IDENTIFIER = com.jiwooh.RPSGame;
				PRODUCT_NAME = "$(TARGET_NAME)";
				SUPPORTED_PLATFORMS = "iphoneos iphonesimulator";
				SUPPORTS_MACCATALYST = NO;
				SUPPORTS_MAC_DESIGNED_FOR_IPHONE_IPAD = NO;
				SWIFT_EMIT_LOC_STRINGS = YES;
				SWIFT_VERSION = 5.0;
				TARGETED_DEVICE_FAMILY = 1;
			};
			name = Debug;
		};
		F196A70829C999FE00348308 /* Release */ = {
			isa = XCBuildConfiguration;
			buildSettings = {
				ASSETCATALOG_COMPILER_APPICON_NAME = AppIcon;
				ASSETCATALOG_COMPILER_GLOBAL_ACCENT_COLOR_NAME = AccentColor;
				CODE_SIGN_STYLE = Automatic;
				CURRENT_PROJECT_VERSION = 1;
				GENERATE_INFOPLIST_FILE = YES;
				INFOPLIST_FILE = RPSGame/Info.plist;
				INFOPLIST_KEY_UIApplicationSupportsIndirectInputEvents = YES;
				INFOPLIST_KEY_UILaunchStoryboardName = LaunchScreen;
				INFOPLIST_KEY_UIMainStoryboardFile = Main;
				INFOPLIST_KEY_UISupportedInterfaceOrientations = UIInterfaceOrientationPortrait;
				INFOPLIST_KEY_UISupportedInterfaceOrientations_iPad = "UIInterfaceOrientationLandscapeLeft UIInterfaceOrientationLandscapeRight UIInterfaceOrientationPortrait UIInterfaceOrientationPortraitUpsideDown";
				IPHONEOS_DEPLOYMENT_TARGET = 13.0;
				LD_RUNPATH_SEARCH_PATHS = (
					"$(inherited)",
					"@executable_path/Frameworks",
				);
				MARKETING_VERSION = 1.0;
				PRODUCT_BUNDLE_IDENTIFIER = com.jiwooh.RPSGame;
				PRODUCT_NAME = "$(TARGET_NAME)";
				SUPPORTED_PLATFORMS = "iphoneos iphonesimulator";
				SUPPORTS_MACCATALYST = NO;
				SUPPORTS_MAC_DESIGNED_FOR_IPHONE_IPAD = NO;
				SWIFT_EMIT_LOC_STRINGS = YES;
				SWIFT_VERSION = 5.0;
				TARGETED_DEVICE_FAMILY = 1;
			};
			name = Release;
		};
/* End XCBuildConfiguration section */

/* Begin XCConfigurationList section */
		F196A6ED29C999FD00348308 /* Build configuration list for PBXProject "RPSGame" */ = {
			isa = XCConfigurationList;
			buildConfigurations = (
				F196A70429C999FE00348308 /* Debug */,
				F196A70529C999FE00348308 /* Release */,
			);
			defaultConfigurationIsVisible = 0;
			defaultConfigurationName = Release;
		};
		F196A70629C999FE00348308 /* Build configuration list for PBXNativeTarget "RPSGame" */ = {
			isa = XCConfigurationList;
			buildConfigurations = (
				F196A70729C999FE00348308 /* Debug */,
				F196A70829C999FE00348308 /* Release */,
			);
			defaultConfigurationIsVisible = 0;
			defaultConfigurationName = Release;
		};
/* End XCConfigurationList section */
	};
	rootObject = F196A6EA29C999FD00348308 /* Project object */;
}
